
Microsoft Visual Studio Solution File, Format Version 12.00
# Visual Studio Version 17
VisualStudioVersion = 17.14.36616.10 d17.14
MinimumVisualStudioVersion = 10.0.40219.1
Project("{FAE04EC0-301F-11D3-BF4B-00C04F79EFBC}") = "AbstractClassDemo", "AbstractClassDemo.csproj", "{A72D65BC-F019-436A-88CC-30559A574EE2}"
EndProject
Global
	GlobalSection(SolutionConfigurationPlatforms) = preSolution
		Debug|Any CPU = Debug|Any CPU
		Release|Any CPU = Release|Any CPU
	EndGlobalSection
	GlobalSection(ProjectConfigurationPlatforms) = postSolution
		{A72D65BC-F019-436A-88CC-30559A574EE2}.Debug|Any CPU.ActiveCfg = Debug|Any CPU
		{A72D65BC-F019-436A-88CC-30559A574EE2}.Debug|Any CPU.Build.0 = Debug|Any CPU
		{A72D65BC-F019-436A-88CC-30559A574EE2}.Release|Any CPU.ActiveCfg = Release|Any CPU
		{A72D65BC-F019-436A-88CC-30559A574EE2}.Release|Any CPU.Build.0 = Release|Any CPU
	EndGlobalSection
	GlobalSection(SolutionProperties) = preSolution
		HideSolutionNode = FALSE
	EndGlobalSection
	GlobalSection(ExtensibilityGlobals) = postSolution
		SolutionGuid = {C634B2FB-09AC-48D7-8625-8E7F7F3C51E0}
	EndGlobalSection
EndGlobal
