
Microsoft Visual Studio Solution File, Format Version 12.00
# Visual Studio Version 17
VisualStudioVersion = 17.14.36811.4 d17.14
MinimumVisualStudioVersion = 10.0.40219.1
Project("{FAE04EC0-301F-11D3-BF4B-00C04F79EFBC}") = "Week9_CodingTest_Client2", "Week9_CodingTest_Client2.csproj", "{001BCD37-D005-4588-AE96-D5B34C379FFB}"
EndProject
Global
	GlobalSection(SolutionConfigurationPlatforms) = preSolution
		Debug|Any CPU = Debug|Any CPU
		Release|Any CPU = Release|Any CPU
	EndGlobalSection
	GlobalSection(ProjectConfigurationPlatforms) = postSolution
		{001BCD37-D005-4588-AE96-D5B34C379FFB}.Debug|Any CPU.ActiveCfg = Debug|Any CPU
		{001BCD37-D005-4588-AE96-D5B34C379FFB}.Debug|Any CPU.Build.0 = Debug|Any CPU
		{001BCD37-D005-4588-AE96-D5B34C379FFB}.Release|Any CPU.ActiveCfg = Release|Any CPU
		{001BCD37-D005-4588-AE96-D5B34C379FFB}.Release|Any CPU.Build.0 = Release|Any CPU
	EndGlobalSection
	GlobalSection(SolutionProperties) = preSolution
		HideSolutionNode = FALSE
	EndGlobalSection
	GlobalSection(ExtensibilityGlobals) = postSolution
		SolutionGuid = {46F64DA2-66D2-454E-918E-B33332D932B0}
	EndGlobalSection
EndGlobal
