
Microsoft Visual Studio Solution File, Format Version 12.00
# Visual Studio Version 17
VisualStudioVersion = 17.14.36616.10 d17.14
MinimumVisualStudioVersion = 10.0.40219.1
Project("{FAE04EC0-301F-11D3-BF4B-00C04F79EFBC}") = "Assignment7", "Assignment7.csproj", "{DFD3EDA8-9EEC-49A7-A820-2E6F60937ABB}"
EndProject
Global
	GlobalSection(SolutionConfigurationPlatforms) = preSolution
		Debug|Any CPU = Debug|Any CPU
		Release|Any CPU = Release|Any CPU
	EndGlobalSection
	GlobalSection(ProjectConfigurationPlatforms) = postSolution
		{DFD3EDA8-9EEC-49A7-A820-2E6F60937ABB}.Debug|Any CPU.ActiveCfg = Debug|Any CPU
		{DFD3EDA8-9EEC-49A7-A820-2E6F60937ABB}.Debug|Any CPU.Build.0 = Debug|Any CPU
		{DFD3EDA8-9EEC-49A7-A820-2E6F60937ABB}.Release|Any CPU.ActiveCfg = Release|Any CPU
		{DFD3EDA8-9EEC-49A7-A820-2E6F60937ABB}.Release|Any CPU.Build.0 = Release|Any CPU
	EndGlobalSection
	GlobalSection(SolutionProperties) = preSolution
		HideSolutionNode = FALSE
	EndGlobalSection
	GlobalSection(ExtensibilityGlobals) = postSolution
		SolutionGuid = {BC3A6793-17C0-482A-A94C-3FC7AB7B3594}
	EndGlobalSection
EndGlobal
