
Microsoft Visual Studio Solution File, Format Version 12.00
# Visual Studio Version 17
VisualStudioVersion = 17.14.36811.4 d17.14
MinimumVisualStudioVersion = 10.0.40219.1
Project("{FAE04EC0-301F-11D3-BF4B-00C04F79EFBC}") = "FirstMVC", "FirstMVC.csproj", "{63842870-ACFE-4A03-9929-E6393E4C43BB}"
EndProject
Global
	GlobalSection(SolutionConfigurationPlatforms) = preSolution
		Debug|Any CPU = Debug|Any CPU
		Release|Any CPU = Release|Any CPU
	EndGlobalSection
	GlobalSection(ProjectConfigurationPlatforms) = postSolution
		{63842870-ACFE-4A03-9929-E6393E4C43BB}.Debug|Any CPU.ActiveCfg = Debug|Any CPU
		{63842870-ACFE-4A03-9929-E6393E4C43BB}.Debug|Any CPU.Build.0 = Debug|Any CPU
		{63842870-ACFE-4A03-9929-E6393E4C43BB}.Release|Any CPU.ActiveCfg = Release|Any CPU
		{63842870-ACFE-4A03-9929-E6393E4C43BB}.Release|Any CPU.Build.0 = Release|Any CPU
	EndGlobalSection
	GlobalSection(SolutionProperties) = preSolution
		HideSolutionNode = FALSE
	EndGlobalSection
	GlobalSection(ExtensibilityGlobals) = postSolution
		SolutionGuid = {C933A772-9C8A-4AF2-9A9C-C781464B31CD}
	EndGlobalSection
EndGlobal
