
Microsoft Visual Studio Solution File, Format Version 12.00
# Visual Studio Version 17
VisualStudioVersion = 17.14.36811.4 d17.14
MinimumVisualStudioVersion = 10.0.40219.1
Project("{FAE04EC0-301F-11D3-BF4B-00C04F79EFBC}") = "HTML_Helpers_Prj", "HTML_Helpers_Prj.csproj", "{BD2EC892-A006-4469-89A4-AAA63B94AAD3}"
EndProject
Global
	GlobalSection(SolutionConfigurationPlatforms) = preSolution
		Debug|Any CPU = Debug|Any CPU
		Release|Any CPU = Release|Any CPU
	EndGlobalSection
	GlobalSection(ProjectConfigurationPlatforms) = postSolution
		{BD2EC892-A006-4469-89A4-AAA63B94AAD3}.Debug|Any CPU.ActiveCfg = Debug|Any CPU
		{BD2EC892-A006-4469-89A4-AAA63B94AAD3}.Debug|Any CPU.Build.0 = Debug|Any CPU
		{BD2EC892-A006-4469-89A4-AAA63B94AAD3}.Release|Any CPU.ActiveCfg = Release|Any CPU
		{BD2EC892-A006-4469-89A4-AAA63B94AAD3}.Release|Any CPU.Build.0 = Release|Any CPU
	EndGlobalSection
	GlobalSection(SolutionProperties) = preSolution
		HideSolutionNode = FALSE
	EndGlobalSection
	GlobalSection(ExtensibilityGlobals) = postSolution
		SolutionGuid = {E1CC7DF7-DDBE-42F2-836F-E3D942217AE7}
	EndGlobalSection
EndGlobal
