
Microsoft Visual Studio Solution File, Format Version 12.00
# Visual Studio Version 17
VisualStudioVersion = 17.14.36616.10 d17.14
MinimumVisualStudioVersion = 10.0.40219.1
Project("{FAE04EC0-301F-11D3-BF4B-00C04F79EFBC}") = "RemotingTrn", "RemotingTrn.csproj", "{261B8DC2-C2D9-448B-AB48-8D72AC18ACDE}"
EndProject
Project("{FAE04EC0-301F-11D3-BF4B-00C04F79EFBC}") = "RemotingLib", "..\RemotingLib\RemotingLib.csproj", "{87B03936-6AD5-4FF7-B47A-1769399223F9}"
EndProject
Project("{FAE04EC0-301F-11D3-BF4B-00C04F79EFBC}") = "ServerApp", "..\ServerApp\ServerApp.csproj", "{8095B7C6-2202-4B19-A30D-5F6D1E859B2D}"
EndProject
Project("{FAE04EC0-301F-11D3-BF4B-00C04F79EFBC}") = "ClientApp", "..\ClientApp\ClientApp.csproj", "{F62E0234-4942-4D8C-B7C5-149103AA6577}"
EndProject
Global
	GlobalSection(SolutionConfigurationPlatforms) = preSolution
		Debug|Any CPU = Debug|Any CPU
		Release|Any CPU = Release|Any CPU
	EndGlobalSection
	GlobalSection(ProjectConfigurationPlatforms) = postSolution
		{261B8DC2-C2D9-448B-AB48-8D72AC18ACDE}.Debug|Any CPU.ActiveCfg = Debug|Any CPU
		{261B8DC2-C2D9-448B-AB48-8D72AC18ACDE}.Debug|Any CPU.Build.0 = Debug|Any CPU
		{261B8DC2-C2D9-448B-AB48-8D72AC18ACDE}.Release|Any CPU.ActiveCfg = Release|Any CPU
		{261B8DC2-C2D9-448B-AB48-8D72AC18ACDE}.Release|Any CPU.Build.0 = Release|Any CPU
		{87B03936-6AD5-4FF7-B47A-1769399223F9}.Debug|Any CPU.ActiveCfg = Debug|Any CPU
		{87B03936-6AD5-4FF7-B47A-1769399223F9}.Debug|Any CPU.Build.0 = Debug|Any CPU
		{87B03936-6AD5-4FF7-B47A-1769399223F9}.Release|Any CPU.ActiveCfg = Release|Any CPU
		{87B03936-6AD5-4FF7-B47A-1769399223F9}.Release|Any CPU.Build.0 = Release|Any CPU
		{8095B7C6-2202-4B19-A30D-5F6D1E859B2D}.Debug|Any CPU.ActiveCfg = Debug|Any CPU
		{8095B7C6-2202-4B19-A30D-5F6D1E859B2D}.Debug|Any CPU.Build.0 = Debug|Any CPU
		{8095B7C6-2202-4B19-A30D-5F6D1E859B2D}.Release|Any CPU.ActiveCfg = Release|Any CPU
		{8095B7C6-2202-4B19-A30D-5F6D1E859B2D}.Release|Any CPU.Build.0 = Release|Any CPU
		{F62E0234-4942-4D8C-B7C5-149103AA6577}.Debug|Any CPU.ActiveCfg = Debug|Any CPU
		{F62E0234-4942-4D8C-B7C5-149103AA6577}.Debug|Any CPU.Build.0 = Debug|Any CPU
		{F62E0234-4942-4D8C-B7C5-149103AA6577}.Release|Any CPU.ActiveCfg = Release|Any CPU
		{F62E0234-4942-4D8C-B7C5-149103AA6577}.Release|Any CPU.Build.0 = Release|Any CPU
	EndGlobalSection
	GlobalSection(SolutionProperties) = preSolution
		HideSolutionNode = FALSE
	EndGlobalSection
	GlobalSection(ExtensibilityGlobals) = postSolution
		SolutionGuid = {B624B37D-B355-4A73-B252-E11FC449FE99}
	EndGlobalSection
EndGlobal
