
Microsoft Visual Studio Solution File, Format Version 12.00
# Visual Studio Version 17
VisualStudioVersion = 17.14.36616.10 d17.14
MinimumVisualStudioVersion = 10.0.40219.1
Project("{FAE04EC0-301F-11D3-BF4B-00C04F79EFBC}") = "JaggedArray", "JaggedArray.csproj", "{44D7FB79-9851-4486-93BC-56F0E371587C}"
EndProject
Global
	GlobalSection(SolutionConfigurationPlatforms) = preSolution
		Debug|Any CPU = Debug|Any CPU
		Release|Any CPU = Release|Any CPU
	EndGlobalSection
	GlobalSection(ProjectConfigurationPlatforms) = postSolution
		{44D7FB79-9851-4486-93BC-56F0E371587C}.Debug|Any CPU.ActiveCfg = Debug|Any CPU
		{44D7FB79-9851-4486-93BC-56F0E371587C}.Debug|Any CPU.Build.0 = Debug|Any CPU
		{44D7FB79-9851-4486-93BC-56F0E371587C}.Release|Any CPU.ActiveCfg = Release|Any CPU
		{44D7FB79-9851-4486-93BC-56F0E371587C}.Release|Any CPU.Build.0 = Release|Any CPU
	EndGlobalSection
	GlobalSection(SolutionProperties) = preSolution
		HideSolutionNode = FALSE
	EndGlobalSection
	GlobalSection(ExtensibilityGlobals) = postSolution
		SolutionGuid = {447336BA-0F63-4DCF-A24A-FD9C1295BD9D}
	EndGlobalSection
EndGlobal
