
Microsoft Visual Studio Solution File, Format Version 12.00
# Visual Studio Version 17
VisualStudioVersion = 17.14.36616.10 d17.14
MinimumVisualStudioVersion = 10.0.40219.1
Project("{FAE04EC0-301F-11D3-BF4B-00C04F79EFBC}") = "SealedMethodDemo", "SealedMethodDemo.csproj", "{50173A98-A4E1-426A-96B3-BA94B420F71F}"
EndProject
Global
	GlobalSection(SolutionConfigurationPlatforms) = preSolution
		Debug|Any CPU = Debug|Any CPU
		Release|Any CPU = Release|Any CPU
	EndGlobalSection
	GlobalSection(ProjectConfigurationPlatforms) = postSolution
		{50173A98-A4E1-426A-96B3-BA94B420F71F}.Debug|Any CPU.ActiveCfg = Debug|Any CPU
		{50173A98-A4E1-426A-96B3-BA94B420F71F}.Debug|Any CPU.Build.0 = Debug|Any CPU
		{50173A98-A4E1-426A-96B3-BA94B420F71F}.Release|Any CPU.ActiveCfg = Release|Any CPU
		{50173A98-A4E1-426A-96B3-BA94B420F71F}.Release|Any CPU.Build.0 = Release|Any CPU
	EndGlobalSection
	GlobalSection(SolutionProperties) = preSolution
		HideSolutionNode = FALSE
	EndGlobalSection
	GlobalSection(ExtensibilityGlobals) = postSolution
		SolutionGuid = {0B68EA5C-9DBF-47C6-90E6-E17C5B9A2576}
	EndGlobalSection
EndGlobal
