
Microsoft Visual Studio Solution File, Format Version 12.00
# Visual Studio Version 17
VisualStudioVersion = 17.14.36616.10 d17.14
MinimumVisualStudioVersion = 10.0.40219.1
Project("{FAE04EC0-301F-11D3-BF4B-00C04F79EFBC}") = "ExceptionHandlingDemo", "ExceptionHandlingDemo.csproj", "{116A5542-1486-4861-9FBD-18D97D7EDC43}"
EndProject
Global
	GlobalSection(SolutionConfigurationPlatforms) = preSolution
		Debug|Any CPU = Debug|Any CPU
		Release|Any CPU = Release|Any CPU
	EndGlobalSection
	GlobalSection(ProjectConfigurationPlatforms) = postSolution
		{116A5542-1486-4861-9FBD-18D97D7EDC43}.Debug|Any CPU.ActiveCfg = Debug|Any CPU
		{116A5542-1486-4861-9FBD-18D97D7EDC43}.Debug|Any CPU.Build.0 = Debug|Any CPU
		{116A5542-1486-4861-9FBD-18D97D7EDC43}.Release|Any CPU.ActiveCfg = Release|Any CPU
		{116A5542-1486-4861-9FBD-18D97D7EDC43}.Release|Any CPU.Build.0 = Release|Any CPU
	EndGlobalSection
	GlobalSection(SolutionProperties) = preSolution
		HideSolutionNode = FALSE
	EndGlobalSection
	GlobalSection(ExtensibilityGlobals) = postSolution
		SolutionGuid = {D7ECEB72-FF3C-4F6F-B7A9-81F93EB0B353}
	EndGlobalSection
EndGlobal
