
Microsoft Visual Studio Solution File, Format Version 12.00
# Visual Studio Version 17
VisualStudioVersion = 17.14.36811.4 d17.14
MinimumVisualStudioVersion = 10.0.40219.1
Project("{FAE04EC0-301F-11D3-BF4B-00C04F79EFBC}") = "Week8_CodingTest2", "Week8_CodingTest2.csproj", "{5AB81371-8F65-45D2-93ED-0D2FEA624759}"
EndProject
Global
	GlobalSection(SolutionConfigurationPlatforms) = preSolution
		Debug|Any CPU = Debug|Any CPU
		Release|Any CPU = Release|Any CPU
	EndGlobalSection
	GlobalSection(ProjectConfigurationPlatforms) = postSolution
		{5AB81371-8F65-45D2-93ED-0D2FEA624759}.Debug|Any CPU.ActiveCfg = Debug|Any CPU
		{5AB81371-8F65-45D2-93ED-0D2FEA624759}.Debug|Any CPU.Build.0 = Debug|Any CPU
		{5AB81371-8F65-45D2-93ED-0D2FEA624759}.Release|Any CPU.ActiveCfg = Release|Any CPU
		{5AB81371-8F65-45D2-93ED-0D2FEA624759}.Release|Any CPU.Build.0 = Release|Any CPU
	EndGlobalSection
	GlobalSection(SolutionProperties) = preSolution
		HideSolutionNode = FALSE
	EndGlobalSection
	GlobalSection(ExtensibilityGlobals) = postSolution
		SolutionGuid = {49FF0419-404E-4A08-B116-A3535699024B}
	EndGlobalSection
EndGlobal
