
Microsoft Visual Studio Solution File, Format Version 12.00
# Visual Studio Version 17
VisualStudioVersion = 17.14.36616.10 d17.14
MinimumVisualStudioVersion = 10.0.40219.1
Project("{FAE04EC0-301F-11D3-BF4B-00C04F79EFBC}") = "ClassObjectMethods", "ClassObjectMethods.csproj", "{81DC14D4-2B4A-4D5A-AC02-98C0AB38800E}"
EndProject
Global
	GlobalSection(SolutionConfigurationPlatforms) = preSolution
		Debug|Any CPU = Debug|Any CPU
		Release|Any CPU = Release|Any CPU
	EndGlobalSection
	GlobalSection(ProjectConfigurationPlatforms) = postSolution
		{81DC14D4-2B4A-4D5A-AC02-98C0AB38800E}.Debug|Any CPU.ActiveCfg = Debug|Any CPU
		{81DC14D4-2B4A-4D5A-AC02-98C0AB38800E}.Debug|Any CPU.Build.0 = Debug|Any CPU
		{81DC14D4-2B4A-4D5A-AC02-98C0AB38800E}.Release|Any CPU.ActiveCfg = Release|Any CPU
		{81DC14D4-2B4A-4D5A-AC02-98C0AB38800E}.Release|Any CPU.Build.0 = Release|Any CPU
	EndGlobalSection
	GlobalSection(SolutionProperties) = preSolution
		HideSolutionNode = FALSE
	EndGlobalSection
	GlobalSection(ExtensibilityGlobals) = postSolution
		SolutionGuid = {733CA9A3-672D-44D7-ABE5-C6025EA31673}
	EndGlobalSection
EndGlobal
