
Microsoft Visual Studio Solution File, Format Version 12.00
# Visual Studio Version 17
VisualStudioVersion = 17.14.36616.10 d17.14
MinimumVisualStudioVersion = 10.0.40219.1
Project("{FAE04EC0-301F-11D3-BF4B-00C04F79EFBC}") = "Day5Assignment", "Day5Assignment.csproj", "{16DA870E-E3E2-4CC2-8908-6175BDB803E4}"
EndProject
Global
	GlobalSection(SolutionConfigurationPlatforms) = preSolution
		Debug|Any CPU = Debug|Any CPU
		Release|Any CPU = Release|Any CPU
	EndGlobalSection
	GlobalSection(ProjectConfigurationPlatforms) = postSolution
		{16DA870E-E3E2-4CC2-8908-6175BDB803E4}.Debug|Any CPU.ActiveCfg = Debug|Any CPU
		{16DA870E-E3E2-4CC2-8908-6175BDB803E4}.Debug|Any CPU.Build.0 = Debug|Any CPU
		{16DA870E-E3E2-4CC2-8908-6175BDB803E4}.Release|Any CPU.ActiveCfg = Release|Any CPU
		{16DA870E-E3E2-4CC2-8908-6175BDB803E4}.Release|Any CPU.Build.0 = Release|Any CPU
	EndGlobalSection
	GlobalSection(SolutionProperties) = preSolution
		HideSolutionNode = FALSE
	EndGlobalSection
	GlobalSection(ExtensibilityGlobals) = postSolution
		SolutionGuid = {A84FFBC1-CD29-4799-8E44-B10BCB45A6C0}
	EndGlobalSection
EndGlobal
