
Microsoft Visual Studio Solution File, Format Version 12.00
# Visual Studio Version 17
VisualStudioVersion = 17.14.36616.10 d17.14
MinimumVisualStudioVersion = 10.0.40219.1
Project("{FAE04EC0-301F-11D3-BF4B-00C04F79EFBC}") = "TestProject1", "TestProject1.csproj", "{5CA034AA-19DF-4752-9EA8-C0BA46DADE22}"
EndProject
Global
	GlobalSection(SolutionConfigurationPlatforms) = preSolution
		Debug|Any CPU = Debug|Any CPU
		Release|Any CPU = Release|Any CPU
	EndGlobalSection
	GlobalSection(ProjectConfigurationPlatforms) = postSolution
		{5CA034AA-19DF-4752-9EA8-C0BA46DADE22}.Debug|Any CPU.ActiveCfg = Debug|Any CPU
		{5CA034AA-19DF-4752-9EA8-C0BA46DADE22}.Debug|Any CPU.Build.0 = Debug|Any CPU
		{5CA034AA-19DF-4752-9EA8-C0BA46DADE22}.Release|Any CPU.ActiveCfg = Release|Any CPU
		{5CA034AA-19DF-4752-9EA8-C0BA46DADE22}.Release|Any CPU.Build.0 = Release|Any CPU
	EndGlobalSection
	GlobalSection(SolutionProperties) = preSolution
		HideSolutionNode = FALSE
	EndGlobalSection
	GlobalSection(ExtensibilityGlobals) = postSolution
		SolutionGuid = {8C43FCD9-9B4F-4342-ABB9-CF8AE1B4D613}
	EndGlobalSection
EndGlobal
