
Microsoft Visual Studio Solution File, Format Version 12.00
# Visual Studio Version 17
VisualStudioVersion = 17.14.36616.10 d17.14
MinimumVisualStudioVersion = 10.0.40219.1
Project("{FAE04EC0-301F-11D3-BF4B-00C04F79EFBC}") = "EFCodeFirstDemo", "EFCodeFirstDemo.csproj", "{CBCB6E9E-0A9B-468C-BC31-28120B25FDD6}"
EndProject
Global
	GlobalSection(SolutionConfigurationPlatforms) = preSolution
		Debug|Any CPU = Debug|Any CPU
		Release|Any CPU = Release|Any CPU
	EndGlobalSection
	GlobalSection(ProjectConfigurationPlatforms) = postSolution
		{CBCB6E9E-0A9B-468C-BC31-28120B25FDD6}.Debug|Any CPU.ActiveCfg = Debug|Any CPU
		{CBCB6E9E-0A9B-468C-BC31-28120B25FDD6}.Debug|Any CPU.Build.0 = Debug|Any CPU
		{CBCB6E9E-0A9B-468C-BC31-28120B25FDD6}.Release|Any CPU.ActiveCfg = Release|Any CPU
		{CBCB6E9E-0A9B-468C-BC31-28120B25FDD6}.Release|Any CPU.Build.0 = Release|Any CPU
	EndGlobalSection
	GlobalSection(SolutionProperties) = preSolution
		HideSolutionNode = FALSE
	EndGlobalSection
	GlobalSection(ExtensibilityGlobals) = postSolution
		SolutionGuid = {FA819006-DB33-4389-95F1-73C4F8373D30}
	EndGlobalSection
EndGlobal
