
Microsoft Visual Studio Solution File, Format Version 12.00
# Visual Studio Version 17
VisualStudioVersion = 17.14.36616.10 d17.14
MinimumVisualStudioVersion = 10.0.40219.1
Project("{FAE04EC0-301F-11D3-BF4B-00C04F79EFBC}") = "Week3_CodingTest", "Week3_CodingTest.csproj", "{B78BFFB3-6B6D-484D-990F-EBA275AA9DF9}"
EndProject
Project("{FAE04EC0-301F-11D3-BF4B-00C04F79EFBC}") = "Week3_CodingTest_ConsoleApp", "..\Week3_CodingTest_ConsoleApp\Week3_CodingTest_ConsoleApp.csproj", "{062494DC-1D5E-4A2C-8354-213E77EAECC7}"
EndProject
Global
	GlobalSection(SolutionConfigurationPlatforms) = preSolution
		Debug|Any CPU = Debug|Any CPU
		Release|Any CPU = Release|Any CPU
	EndGlobalSection
	GlobalSection(ProjectConfigurationPlatforms) = postSolution
		{B78BFFB3-6B6D-484D-990F-EBA275AA9DF9}.Debug|Any CPU.ActiveCfg = Debug|Any CPU
		{B78BFFB3-6B6D-484D-990F-EBA275AA9DF9}.Debug|Any CPU.Build.0 = Debug|Any CPU
		{B78BFFB3-6B6D-484D-990F-EBA275AA9DF9}.Release|Any CPU.ActiveCfg = Release|Any CPU
		{B78BFFB3-6B6D-484D-990F-EBA275AA9DF9}.Release|Any CPU.Build.0 = Release|Any CPU
		{062494DC-1D5E-4A2C-8354-213E77EAECC7}.Debug|Any CPU.ActiveCfg = Debug|Any CPU
		{062494DC-1D5E-4A2C-8354-213E77EAECC7}.Debug|Any CPU.Build.0 = Debug|Any CPU
		{062494DC-1D5E-4A2C-8354-213E77EAECC7}.Release|Any CPU.ActiveCfg = Release|Any CPU
		{062494DC-1D5E-4A2C-8354-213E77EAECC7}.Release|Any CPU.Build.0 = Release|Any CPU
	EndGlobalSection
	GlobalSection(SolutionProperties) = preSolution
		HideSolutionNode = FALSE
	EndGlobalSection
	GlobalSection(ExtensibilityGlobals) = postSolution
		SolutionGuid = {C0E39B71-0DD5-4FB0-966A-CC662EEB1A7C}
	EndGlobalSection
EndGlobal
