
Microsoft Visual Studio Solution File, Format Version 12.00
# Visual Studio Version 17
VisualStudioVersion = 17.14.36616.10 d17.14
MinimumVisualStudioVersion = 10.0.40219.1
Project("{FAE04EC0-301F-11D3-BF4B-00C04F79EFBC}") = "Inheritance", "Inheritance.csproj", "{DA6661FC-9C73-47B7-AC7F-8461694BE488}"
EndProject
Global
	GlobalSection(SolutionConfigurationPlatforms) = preSolution
		Debug|Any CPU = Debug|Any CPU
		Release|Any CPU = Release|Any CPU
	EndGlobalSection
	GlobalSection(ProjectConfigurationPlatforms) = postSolution
		{DA6661FC-9C73-47B7-AC7F-8461694BE488}.Debug|Any CPU.ActiveCfg = Debug|Any CPU
		{DA6661FC-9C73-47B7-AC7F-8461694BE488}.Debug|Any CPU.Build.0 = Debug|Any CPU
		{DA6661FC-9C73-47B7-AC7F-8461694BE488}.Release|Any CPU.ActiveCfg = Release|Any CPU
		{DA6661FC-9C73-47B7-AC7F-8461694BE488}.Release|Any CPU.Build.0 = Release|Any CPU
	EndGlobalSection
	GlobalSection(SolutionProperties) = preSolution
		HideSolutionNode = FALSE
	EndGlobalSection
	GlobalSection(ExtensibilityGlobals) = postSolution
		SolutionGuid = {549D3904-1D80-412A-A66F-E8D9F1DC341F}
	EndGlobalSection
EndGlobal
