
Microsoft Visual Studio Solution File, Format Version 12.00
# Visual Studio Version 17
VisualStudioVersion = 17.14.36811.4 d17.14
MinimumVisualStudioVersion = 10.0.40219.1
Project("{FAE04EC0-301F-11D3-BF4B-00C04F79EFBC}") = "ValidationsPrj", "ValidationsPrj.csproj", "{607DE573-99D4-49F0-B3AC-F888ED6B4859}"
EndProject
Global
	GlobalSection(SolutionConfigurationPlatforms) = preSolution
		Debug|Any CPU = Debug|Any CPU
		Release|Any CPU = Release|Any CPU
	EndGlobalSection
	GlobalSection(ProjectConfigurationPlatforms) = postSolution
		{607DE573-99D4-49F0-B3AC-F888ED6B4859}.Debug|Any CPU.ActiveCfg = Debug|Any CPU
		{607DE573-99D4-49F0-B3AC-F888ED6B4859}.Debug|Any CPU.Build.0 = Debug|Any CPU
		{607DE573-99D4-49F0-B3AC-F888ED6B4859}.Release|Any CPU.ActiveCfg = Release|Any CPU
		{607DE573-99D4-49F0-B3AC-F888ED6B4859}.Release|Any CPU.Build.0 = Release|Any CPU
	EndGlobalSection
	GlobalSection(SolutionProperties) = preSolution
		HideSolutionNode = FALSE
	EndGlobalSection
	GlobalSection(ExtensibilityGlobals) = postSolution
		SolutionGuid = {867A4996-8D7A-4CA8-922F-224556DC84F4}
	EndGlobalSection
EndGlobal
