
Microsoft Visual Studio Solution File, Format Version 12.00
# Visual Studio Version 17
VisualStudioVersion = 17.14.36616.10 d17.14
MinimumVisualStudioVersion = 10.0.40219.1
Project("{FAE04EC0-301F-11D3-BF4B-00C04F79EFBC}") = "Assignment1", "Assignment1.csproj", "{8666115F-F4E1-43D7-BF3A-234E650CE659}"
EndProject
Global
	GlobalSection(SolutionConfigurationPlatforms) = preSolution
		Debug|Any CPU = Debug|Any CPU
		Release|Any CPU = Release|Any CPU
	EndGlobalSection
	GlobalSection(ProjectConfigurationPlatforms) = postSolution
		{8666115F-F4E1-43D7-BF3A-234E650CE659}.Debug|Any CPU.ActiveCfg = Debug|Any CPU
		{8666115F-F4E1-43D7-BF3A-234E650CE659}.Debug|Any CPU.Build.0 = Debug|Any CPU
		{8666115F-F4E1-43D7-BF3A-234E650CE659}.Release|Any CPU.ActiveCfg = Release|Any CPU
		{8666115F-F4E1-43D7-BF3A-234E650CE659}.Release|Any CPU.Build.0 = Release|Any CPU
	EndGlobalSection
	GlobalSection(SolutionProperties) = preSolution
		HideSolutionNode = FALSE
	EndGlobalSection
	GlobalSection(ExtensibilityGlobals) = postSolution
		SolutionGuid = {425FA585-2B48-488C-B209-8AEFA4652203}
	EndGlobalSection
EndGlobal
