
Microsoft Visual Studio Solution File, Format Version 12.00
# Visual Studio Version 17
VisualStudioVersion = 17.14.36616.10 d17.14
MinimumVisualStudioVersion = 10.0.40219.1
Project("{FAE04EC0-301F-11D3-BF4B-00C04F79EFBC}") = "TPL_Demo", "TPL_Demo.csproj", "{D2FB51A6-2D0E-484F-AD44-A96A68B55C65}"
EndProject
Project("{FAE04EC0-301F-11D3-BF4B-00C04F79EFBC}") = "ClassLibrary1", "..\ClassLibrary1\ClassLibrary1.csproj", "{8017E17A-CD9D-4E49-A8DD-8981A036B5C4}"
EndProject
Global
	GlobalSection(SolutionConfigurationPlatforms) = preSolution
		Debug|Any CPU = Debug|Any CPU
		Release|Any CPU = Release|Any CPU
	EndGlobalSection
	GlobalSection(ProjectConfigurationPlatforms) = postSolution
		{D2FB51A6-2D0E-484F-AD44-A96A68B55C65}.Debug|Any CPU.ActiveCfg = Debug|Any CPU
		{D2FB51A6-2D0E-484F-AD44-A96A68B55C65}.Debug|Any CPU.Build.0 = Debug|Any CPU
		{D2FB51A6-2D0E-484F-AD44-A96A68B55C65}.Release|Any CPU.ActiveCfg = Release|Any CPU
		{D2FB51A6-2D0E-484F-AD44-A96A68B55C65}.Release|Any CPU.Build.0 = Release|Any CPU
		{8017E17A-CD9D-4E49-A8DD-8981A036B5C4}.Debug|Any CPU.ActiveCfg = Debug|Any CPU
		{8017E17A-CD9D-4E49-A8DD-8981A036B5C4}.Debug|Any CPU.Build.0 = Debug|Any CPU
		{8017E17A-CD9D-4E49-A8DD-8981A036B5C4}.Release|Any CPU.ActiveCfg = Release|Any CPU
		{8017E17A-CD9D-4E49-A8DD-8981A036B5C4}.Release|Any CPU.Build.0 = Release|Any CPU
	EndGlobalSection
	GlobalSection(SolutionProperties) = preSolution
		HideSolutionNode = FALSE
	EndGlobalSection
	GlobalSection(ExtensibilityGlobals) = postSolution
		SolutionGuid = {A6D2842D-8A10-4FF7-8797-51173A647B2A}
	EndGlobalSection
EndGlobal
