
Microsoft Visual Studio Solution File, Format Version 12.00
# Visual Studio Version 17
VisualStudioVersion = 17.14.36616.10 d17.14
MinimumVisualStudioVersion = 10.0.40219.1
Project("{FAE04EC0-301F-11D3-BF4B-00C04F79EFBC}") = "Loops", "Loops.csproj", "{C0D8FE6B-9E39-4B2B-B97E-A30D77284D4A}"
EndProject
Global
	GlobalSection(SolutionConfigurationPlatforms) = preSolution
		Debug|Any CPU = Debug|Any CPU
		Release|Any CPU = Release|Any CPU
	EndGlobalSection
	GlobalSection(ProjectConfigurationPlatforms) = postSolution
		{C0D8FE6B-9E39-4B2B-B97E-A30D77284D4A}.Debug|Any CPU.ActiveCfg = Debug|Any CPU
		{C0D8FE6B-9E39-4B2B-B97E-A30D77284D4A}.Debug|Any CPU.Build.0 = Debug|Any CPU
		{C0D8FE6B-9E39-4B2B-B97E-A30D77284D4A}.Release|Any CPU.ActiveCfg = Release|Any CPU
		{C0D8FE6B-9E39-4B2B-B97E-A30D77284D4A}.Release|Any CPU.Build.0 = Release|Any CPU
	EndGlobalSection
	GlobalSection(SolutionProperties) = preSolution
		HideSolutionNode = FALSE
	EndGlobalSection
	GlobalSection(ExtensibilityGlobals) = postSolution
		SolutionGuid = {CA61C91B-3F05-470B-A175-E7754E4A20FE}
	EndGlobalSection
EndGlobal
